
Microsoft Visual Studio Solution File, Format Version 12.00
# Visual Studio Version 16
VisualStudioVersion = 16.0.30114.105
MinimumVisualStudioVersion = 10.0.40219.1
Project("{FAE04EC0-301F-11D3-BF4B-00C04F79EFBC}") = "Juego_Rol", "Juego_Rol\Juego_Rol.csproj", "{0EBE0897-5870-4123-A9D3-0483AE91DCF8}"
EndProject
Project("{FAE04EC0-301F-11D3-BF4B-00C04F79EFBC}") = "Entidades", "Entidades\Entidades.csproj", "{354EB7DF-00F1-4863-880E-DD2D576D42DA}"
EndProject
Global
	GlobalSection(SolutionConfigurationPlatforms) = preSolution
		Debug|Any CPU = Debug|Any CPU
		Release|Any CPU = Release|Any CPU
	EndGlobalSection
	GlobalSection(ProjectConfigurationPlatforms) = postSolution
		{0EBE0897-5870-4123-A9D3-0483AE91DCF8}.Debug|Any CPU.ActiveCfg = Debug|Any CPU
		{0EBE0897-5870-4123-A9D3-0483AE91DCF8}.Debug|Any CPU.Build.0 = Debug|Any CPU
		{0EBE0897-5870-4123-A9D3-0483AE91DCF8}.Release|Any CPU.ActiveCfg = Release|Any CPU
		{0EBE0897-5870-4123-A9D3-0483AE91DCF8}.Release|Any CPU.Build.0 = Release|Any CPU
		{354EB7DF-00F1-4863-880E-DD2D576D42DA}.Debug|Any CPU.ActiveCfg = Debug|Any CPU
		{354EB7DF-00F1-4863-880E-DD2D576D42DA}.Debug|Any CPU.Build.0 = Debug|Any CPU
		{354EB7DF-00F1-4863-880E-DD2D576D42DA}.Release|Any CPU.ActiveCfg = Release|Any CPU
		{354EB7DF-00F1-4863-880E-DD2D576D42DA}.Release|Any CPU.Build.0 = Release|Any CPU
	EndGlobalSection
	GlobalSection(SolutionProperties) = preSolution
		HideSolutionNode = FALSE
	EndGlobalSection
	GlobalSection(ExtensibilityGlobals) = postSolution
		SolutionGuid = {02823292-B4A2-4019-9EB5-816A657D4DDA}
	EndGlobalSection
EndGlobal
